
Microsoft Visual Studio Solution File, Format Version 12.00
# Visual Studio Version 17
VisualStudioVersion = 17.5.002.0
MinimumVisualStudioVersion = 10.0.40219.1
Project("{9A19103F-16F7-4668-BE54-9A1E7A4F7556}") = "advent", "advent.csproj", "{EDF41695-A678-4077-B909-195A02A8FC14}"
EndProject
Global
	GlobalSection(SolutionConfigurationPlatforms) = preSolution
		Debug|Any CPU = Debug|Any CPU
		Release|Any CPU = Release|Any CPU
	EndGlobalSection
	GlobalSection(ProjectConfigurationPlatforms) = postSolution
		{EDF41695-A678-4077-B909-195A02A8FC14}.Debug|Any CPU.ActiveCfg = Debug|Any CPU
		{EDF41695-A678-4077-B909-195A02A8FC14}.Debug|Any CPU.Build.0 = Debug|Any CPU
		{EDF41695-A678-4077-B909-195A02A8FC14}.Release|Any CPU.ActiveCfg = Release|Any CPU
		{EDF41695-A678-4077-B909-195A02A8FC14}.Release|Any CPU.Build.0 = Release|Any CPU
	EndGlobalSection
	GlobalSection(SolutionProperties) = preSolution
		HideSolutionNode = FALSE
	EndGlobalSection
	GlobalSection(ExtensibilityGlobals) = postSolution
		SolutionGuid = {609BFF68-28AC-439B-8B2C-55219484E1BE}
	EndGlobalSection
EndGlobal
